{
  "name": "node-red-contrib-lorawan-bacnet",
  "version": "0.0.3",
  "lockfileVersion": 3,
  "requires": true,
  "packages": {
    "": {
      "name": "node-red-contrib-lorawan-bacnet",
      "version": "0.0.3",
      "license": "MIT",
      "dependencies": {
        "node-red-contrib-lorawan-bacnet": "file:"
      }
    },
    "node_modules/node-red-contrib-lorawan-bacnet": {
      "resolved": "",
      "link": true
    }
  }
}
